
Microsoft Visual Studio Solution File, Format Version 12.00
# Visual Studio 14
VisualStudioVersion = 14.0.24720.0
MinimumVisualStudioVersion = 10.0.40219.1
Project("{FAE04EC0-301F-11D3-BF4B-00C04F79EFBC}") = "Lab1TemaConsola", "Lab1TemaConsola\Lab1TemaConsola.csproj", "{E19624B2-4BFF-4851-8C15-21889162427A}"
EndProject
Project("{FAE04EC0-301F-11D3-BF4B-00C04F79EFBC}") = "Lab1TemaForms", "Lab1TemaForms\Lab1TemaForms.csproj", "{9742E34C-A48B-4CBF-8ABF-8AE7E218693D}"
EndProject
Project("{FAE04EC0-301F-11D3-BF4B-00C04F79EFBC}") = "Lab1TemaClassLibrary", "Lab1TemaClassLibrary\Lab1TemaClassLibrary.csproj", "{A7897113-BE13-4C99-8F1C-7C5CF5E26A9E}"
EndProject
Global
	GlobalSection(SolutionConfigurationPlatforms) = preSolution
		Debug|Any CPU = Debug|Any CPU
		Release|Any CPU = Release|Any CPU
	EndGlobalSection
	GlobalSection(ProjectConfigurationPlatforms) = postSolution
		{E19624B2-4BFF-4851-8C15-21889162427A}.Debug|Any CPU.ActiveCfg = Debug|Any CPU
		{E19624B2-4BFF-4851-8C15-21889162427A}.Debug|Any CPU.Build.0 = Debug|Any CPU
		{E19624B2-4BFF-4851-8C15-21889162427A}.Release|Any CPU.ActiveCfg = Release|Any CPU
		{E19624B2-4BFF-4851-8C15-21889162427A}.Release|Any CPU.Build.0 = Release|Any CPU
		{9742E34C-A48B-4CBF-8ABF-8AE7E218693D}.Debug|Any CPU.ActiveCfg = Debug|Any CPU
		{9742E34C-A48B-4CBF-8ABF-8AE7E218693D}.Debug|Any CPU.Build.0 = Debug|Any CPU
		{9742E34C-A48B-4CBF-8ABF-8AE7E218693D}.Release|Any CPU.ActiveCfg = Release|Any CPU
		{9742E34C-A48B-4CBF-8ABF-8AE7E218693D}.Release|Any CPU.Build.0 = Release|Any CPU
		{A7897113-BE13-4C99-8F1C-7C5CF5E26A9E}.Debug|Any CPU.ActiveCfg = Debug|Any CPU
		{A7897113-BE13-4C99-8F1C-7C5CF5E26A9E}.Debug|Any CPU.Build.0 = Debug|Any CPU
		{A7897113-BE13-4C99-8F1C-7C5CF5E26A9E}.Release|Any CPU.ActiveCfg = Release|Any CPU
		{A7897113-BE13-4C99-8F1C-7C5CF5E26A9E}.Release|Any CPU.Build.0 = Release|Any CPU
	EndGlobalSection
	GlobalSection(SolutionProperties) = preSolution
		HideSolutionNode = FALSE
	EndGlobalSection
EndGlobal
